
Microsoft Visual Studio Solution File, Format Version 12.00
# Visual Studio Version 17
VisualStudioVersion = 17.6.33712.159
MinimumVisualStudioVersion = 10.0.40219.1
Project("{2150E333-8FDC-42A3-9474-1A3956D46DE8}") = "AH.Microservices.Metadata", "AH.Microservices.Metadata", "{B0CD207C-A630-4A0F-87D9-7F97C936BC49}"
EndProject
Project("{2150E333-8FDC-42A3-9474-1A3956D46DE8}") = "Src", "Src", "{CD4A391A-E393-4232-95DC-B5D85A7C2C33}"
EndProject
Project("{2150E333-8FDC-42A3-9474-1A3956D46DE8}") = "Core", "Core", "{C6DC438D-CFE0-4954-90C2-7FC3A204A845}"
EndProject
Project("{2150E333-8FDC-42A3-9474-1A3956D46DE8}") = "Presentation", "Presentation", "{B1DD97AA-9ED6-41EC-98E4-2B73FEED4CAB}"
EndProject
Project("{9A19103F-16F7-4668-BE54-9A1E7A4F7556}") = "AH.Metadata.Domain", "AH.Microservices.Metadata\Src\Core\AH.Metadata.Domain\AH.Metadata.Domain.csproj", "{7F617463-99A6-4A03-963C-472CB40C01CF}"
EndProject
Project("{9A19103F-16F7-4668-BE54-9A1E7A4F7556}") = "AH.Metadata.Application", "AH.Microservices.Metadata\Src\Core\AH.Metadata.Application\AH.Metadata.Application.csproj", "{74295559-C653-4A6F-9596-E01F1BFBCCD4}"
EndProject
Project("{2150E333-8FDC-42A3-9474-1A3956D46DE8}") = "Infrastructure", "Infrastructure", "{1AAB3227-5523-49A4-B710-71D48F712FF8}"
EndProject
Project("{9A19103F-16F7-4668-BE54-9A1E7A4F7556}") = "AH.Metadata.Infrastructure", "AH.Microservices.Metadata\Src\Infrastructure\AH.Metadata.Infrastructure\AH.Metadata.Infrastructure.csproj", "{1A5622BD-042D-455B-BD1C-4786BFFF6DB6}"
EndProject
Project("{9A19103F-16F7-4668-BE54-9A1E7A4F7556}") = "AH.Metadata.Persistence", "AH.Microservices.Metadata\Src\Infrastructure\AH.Metadata.Persistence\AH.Metadata.Persistence.csproj", "{F1D7C1A4-1B43-404D-8722-16BBABF2B113}"
EndProject
Project("{2150E333-8FDC-42A3-9474-1A3956D46DE8}") = "AH.Microservices.Company", "AH.Microservices.Company", "{8B4094E3-EE67-4F7E-86E8-250400AA4BB6}"
EndProject
Project("{2150E333-8FDC-42A3-9474-1A3956D46DE8}") = "Src", "Src", "{06936BFE-9DD9-43C6-9858-45394D3BC477}"
EndProject
Project("{2150E333-8FDC-42A3-9474-1A3956D46DE8}") = "Tests", "Tests", "{8F0F0F97-7F4A-43BC-89FF-7152EBC66DE0}"
EndProject
Project("{2150E333-8FDC-42A3-9474-1A3956D46DE8}") = "Core", "Core", "{D305FB5E-0ACC-472E-BD72-0CF9E78511C7}"
EndProject
Project("{9A19103F-16F7-4668-BE54-9A1E7A4F7556}") = "AH.Company.Domain", "AH.Microservices.Company\Src\Core\AH.Company.Domain\AH.Company.Domain.csproj", "{0AB7D4A1-E5B2-42C2-8B87-1D6D4D4DEEF3}"
EndProject
Project("{9A19103F-16F7-4668-BE54-9A1E7A4F7556}") = "AH.Company.Application", "AH.Microservices.Company\Src\Core\AH.Company.Application\AH.Company.Application.csproj", "{2B9F07E1-AFF6-4961-BB07-2D2C37126164}"
EndProject
Project("{2150E333-8FDC-42A3-9474-1A3956D46DE8}") = "Infrastructure", "Infrastructure", "{4CB89BFB-180F-418E-8E52-A6B4C3E964D0}"
EndProject
Project("{9A19103F-16F7-4668-BE54-9A1E7A4F7556}") = "AH.Company.Infrastructure", "AH.Microservices.Company\Src\Infrastructure\AH.Company.Infrastructure\AH.Company.Infrastructure.csproj", "{5DD4C435-E3F0-4D76-AFA4-C3A892C7319A}"
EndProject
Project("{9A19103F-16F7-4668-BE54-9A1E7A4F7556}") = "AH.Company.Persistence", "AH.Microservices.Company\Src\Infrastructure\AH.Company.Persistence\AH.Company.Persistence.csproj", "{82D8E4FF-00BA-4B9A-A6D7-42EC939AC74E}"
EndProject
Project("{2150E333-8FDC-42A3-9474-1A3956D46DE8}") = "Tests", "Tests", "{EDE1BAE5-7D9C-4918-90BE-8085E0627F7A}"
EndProject
Project("{2150E333-8FDC-42A3-9474-1A3956D46DE8}") = "Documentation", "Documentation", "{F4067158-42B2-4DBA-AD87-8E4D27299DDC}"
	ProjectSection(SolutionItems) = preProject
		AH.Microservices.Metadata\Documentation\Sequence Diagram - Add Master Tag.puml = AH.Microservices.Metadata\Documentation\Sequence Diagram - Add Master Tag.puml
	EndProjectSection
EndProject
Project("{2150E333-8FDC-42A3-9474-1A3956D46DE8}") = "Presentation", "Presentation", "{17348D96-7899-4984-9506-559493AF7FB8}"
EndProject
Project("{2150E333-8FDC-42A3-9474-1A3956D46DE8}") = "Documentation", "Documentation", "{7F2D66D5-AA4D-4F47-9759-144836A98C19}"
EndProject
Project("{9A19103F-16F7-4668-BE54-9A1E7A4F7556}") = "AH.Company.Api", "AH.Microservices.Company\Src\Presentation\AH.Company.Api\AH.Company.Api.csproj", "{35B4969F-948C-4E5B-954A-09EC1AB3DEDB}"
EndProject
Project("{9A19103F-16F7-4668-BE54-9A1E7A4F7556}") = "AH.Metadata.Api", "AH.Microservices.Metadata\Src\Presentation\AH.Metadata.Api\AH.Metadata.Api.csproj", "{525222AE-8ACB-4455-9C1B-17CC67928AAD}"
EndProject
Project("{E53339B2-1760-4266-BCC7-CA923CBCF16C}") = "docker-compose", "docker-compose.dcproj", "{4E7E1155-2CBA-4D36-9D79-09B8F670BBCC}"
EndProject
Project("{2150E333-8FDC-42A3-9474-1A3956D46DE8}") = "Shared", "Shared", "{3BC8E22B-F8FF-4D21-B18C-D00A702B4086}"
EndProject
Project("{2150E333-8FDC-42A3-9474-1A3956D46DE8}") = "Microservices", "Microservices", "{92AB78D7-8BD2-4AD8-86D8-39CB1132F862}"
EndProject
Project("{FAE04EC0-301F-11D3-BF4B-00C04F79EFBC}") = "AH.Shared.Infrastructure", "Shared\AH.Shared.Infrastructure\AH.Shared.Infrastructure.csproj", "{A58314FE-0E02-4FD7-992D-6507CDE2A89F}"
EndProject
Project("{2150E333-8FDC-42A3-9474-1A3956D46DE8}") = "Components", "Components", "{65AD27AA-F5FB-4334-AAF0-EE6DA63ED9A8}"
	ProjectSection(SolutionItems) = preProject
		Components\rabbitmq.yaml = Components\rabbitmq.yaml
		Components\statestore.yaml = Components\statestore.yaml
		Components\pubsub.redis.yaml = Components\pubsub.redis.yaml
	EndProjectSection
EndProject
Project("{FAE04EC0-301F-11D3-BF4B-00C04F79EFBC}") = "AH.Shared.Application", "Shared\AH.Shared.Application\AH.Shared.Application.csproj", "{C3D7FF4C-07CB-4BA0-8E92-758CC3762DFA}"
EndProject
Project("{FAE04EC0-301F-11D3-BF4B-00C04F79EFBC}") = "AH.Shared.Domain", "Shared\AH.Shared.Domain\AH.Shared.Domain.csproj", "{2B8B6B68-493D-4918-B97A-D2EE723C3589}"
EndProject
Project("{FAE04EC0-301F-11D3-BF4B-00C04F79EFBC}") = "AH.Shared.Persistence", "Shared\AH.Shared.Persistence\AH.Shared.Persistence.csproj", "{51D55A9A-8EFF-4D71-A0F3-752BDBAE186A}"
EndProject
Project("{2150E333-8FDC-42A3-9474-1A3956D46DE8}") = "AH.Documentation", "AH.Documentation", "{8720DA5A-BF4B-469F-9BE0-86042722ECBA}"
EndProject
Project("{2150E333-8FDC-42A3-9474-1A3956D46DE8}") = "Shared", "Shared", "{D8A27CE3-314C-4C6C-80C8-179958D68643}"
EndProject
Project("{FAE04EC0-301F-11D3-BF4B-00C04F79EFBC}") = "Tests.Unit.Application", "AH.Microservices.Metadata\Tests\Tests.Unit.Application\Tests.Unit.Application.csproj", "{07D90C3E-51E3-4F48-9DE8-1197655BC181}"
EndProject
Project("{FAE04EC0-301F-11D3-BF4B-00C04F79EFBC}") = "AH.Metadata.Shared.V1", "AH.Microservices.Metadata\Src\Shared\AH.Metadata.Shared.V1\AH.Metadata.Shared.V1.csproj", "{036781F9-DAAA-4773-ADF4-4E462C1B6486}"
EndProject
Project("{2150E333-8FDC-42A3-9474-1A3956D46DE8}") = "AH.Microservices.CompanyOrchestration", "AH.Microservices.CompanyOrchestration", "{FF7948F5-889B-490B-9BF5-24F6FAADD6AE}"
EndProject
Project("{2150E333-8FDC-42A3-9474-1A3956D46DE8}") = "Documentation", "Documentation", "{B77D801D-2ED2-46BE-ADC0-CBA7A8249DCB}"
EndProject
Project("{2150E333-8FDC-42A3-9474-1A3956D46DE8}") = "Src", "Src", "{4381EEF4-3A92-4F73-84BA-C16734EC7A74}"
EndProject
Project("{2150E333-8FDC-42A3-9474-1A3956D46DE8}") = "Tests", "Tests", "{069F9F93-D580-4554-B94E-D2647F9AC511}"
EndProject
Project("{2150E333-8FDC-42A3-9474-1A3956D46DE8}") = "Presentation", "Presentation", "{602FBFE3-0550-4F66-B714-4527CCF7B6E8}"
EndProject
Project("{FAE04EC0-301F-11D3-BF4B-00C04F79EFBC}") = "AH.CompanyOrchestration.Api", "AH.Microservices.CompanyOrchestration\Src\Presentation\AH.CompanyOrchestration.Api\AH.CompanyOrchestration.Api.csproj", "{E617D943-1777-4EAF-B187-4FF3B03F3572}"
EndProject
Project("{2150E333-8FDC-42A3-9474-1A3956D46DE8}") = "Config", "Config", "{3D0F4610-21B9-403A-83FB-B25DC8E05AB0}"
EndProject
Project("{FAE04EC0-301F-11D3-BF4B-00C04F79EFBC}") = "AH.Shared.Api", "Shared\AH.Shared.API\AH.Shared.Api.csproj", "{4C00D0BE-4128-42A2-9E0B-47101B501220}"
EndProject
Project("{2150E333-8FDC-42A3-9474-1A3956D46DE8}") = "Shared", "Shared", "{110DCACF-9682-4A8A-89BD-E5CD966ED77A}"
EndProject
Project("{FAE04EC0-301F-11D3-BF4B-00C04F79EFBC}") = "AH.Company.Shared.V1", "AH.Microservices.Company\Src\Shared\AH.Company.Shared.V1\AH.Company.Shared.V1.csproj", "{5D654FCA-6BA0-47E8-927E-9CE0F14D5239}"
EndProject
Project("{2150E333-8FDC-42A3-9474-1A3956D46DE8}") = "AH.Microservices.User", "AH.Microservices.User", "{F7099E45-B4FC-4638-B9F1-303BEAB10AD9}"
EndProject
Project("{2150E333-8FDC-42A3-9474-1A3956D46DE8}") = "Documentation", "Documentation", "{C6534F3F-973B-43AF-9971-547AEDFC5E4C}"
EndProject
Project("{2150E333-8FDC-42A3-9474-1A3956D46DE8}") = "Src", "Src", "{2BF2FA36-25CE-43D6-8019-60B9BDB64ACC}"
EndProject
Project("{2150E333-8FDC-42A3-9474-1A3956D46DE8}") = "Tests", "Tests", "{DBB4AAAE-C506-4958-A6AA-21C4C1DA6304}"
EndProject
Project("{2150E333-8FDC-42A3-9474-1A3956D46DE8}") = "Core", "Core", "{42FE682F-DDA0-4720-BF67-D94303B92145}"
EndProject
Project("{2150E333-8FDC-42A3-9474-1A3956D46DE8}") = "Infrastructure", "Infrastructure", "{5A8EE954-689F-4C7B-9C8C-E91F238C12B9}"
EndProject
Project("{2150E333-8FDC-42A3-9474-1A3956D46DE8}") = "Presentation", "Presentation", "{BECE20DD-99F6-4390-B52C-572E8338037C}"
EndProject
Project("{2150E333-8FDC-42A3-9474-1A3956D46DE8}") = "Shared", "Shared", "{35318C13-EA68-439F-94FF-DA8578749042}"
EndProject
Project("{FAE04EC0-301F-11D3-BF4B-00C04F79EFBC}") = "AH.User.Domain", "AH.Microservices.User\Src\Core\AH.User.Domain\AH.User.Domain.csproj", "{2CC23DD8-5D7C-4737-8136-E1BFE1EA23F1}"
EndProject
Project("{FAE04EC0-301F-11D3-BF4B-00C04F79EFBC}") = "AH.User.Application", "AH.Microservices.User\Src\Core\AH.User.Application\AH.User.Application.csproj", "{5D922F63-4621-4E95-91D2-B9813A9605AE}"
EndProject
Project("{FAE04EC0-301F-11D3-BF4B-00C04F79EFBC}") = "AH.User.Infrastructure", "AH.Microservices.User\Src\Infrastructure\AH.User.Infrastructure\AH.User.Infrastructure.csproj", "{24FFCE8C-9BDC-4E65-B02A-85BE5470C003}"
EndProject
Project("{FAE04EC0-301F-11D3-BF4B-00C04F79EFBC}") = "AH.User.Persistence", "AH.Microservices.User\Src\Infrastructure\AH.User.Persistence\AH.User.Persistence.csproj", "{F949E9D9-CB8A-40C7-9077-8724FA0EEF89}"
EndProject
Project("{FAE04EC0-301F-11D3-BF4B-00C04F79EFBC}") = "AH.User.Api", "AH.Microservices.User\Src\Presentation\AH.User.Api\AH.User.Api.csproj", "{75E34AE4-93D6-43CE-9654-5D6749A4D33A}"
EndProject
Project("{FAE04EC0-301F-11D3-BF4B-00C04F79EFBC}") = "Tests.Unit.Api", "AH.Microservices.Company\Tests\Tests.Unit.Api\Tests.Unit.Api.csproj", "{A47C5A89-F195-461B-8078-77A9B05EC677}"
EndProject
Project("{FAE04EC0-301F-11D3-BF4B-00C04F79EFBC}") = "Tests.Unit.Application", "AH.Microservices.Company\Tests\Tests.Unit.Application\Tests.Unit.Application.csproj", "{B14635B6-C2C1-41E7-8F0E-936198C4028C}"
EndProject
Project("{FAE04EC0-301F-11D3-BF4B-00C04F79EFBC}") = "Test.Units.Api", "AH.Microservices.Metadata\Tests\Test.Units.Api\Test.Units.Api.csproj", "{3A5C3BB7-E57D-462F-AA47-496B09E14552}"
EndProject
Project("{FAE04EC0-301F-11D3-BF4B-00C04F79EFBC}") = "Tests.Unit.Api", "AH.Microservices.User\Tests\Tests.Unit.Api\Tests.Unit.Api.csproj", "{9A5338E0-343D-4CB0-9D5F-B3AB8192E84A}"
EndProject
Project("{FAE04EC0-301F-11D3-BF4B-00C04F79EFBC}") = "Tests.Unit.Application", "AH.Microservices.User\Tests\Tests.Unit.Application\Tests.Unit.Application.csproj", "{62DC5A09-CA9E-4EA0-8800-9DF0469BAE20}"
EndProject
Project("{FAE04EC0-301F-11D3-BF4B-00C04F79EFBC}") = "AH.User.Shared.V1", "AH.Microservices.User\Src\Shared\AH.User.Shared.V1\AH.User.Shared.V1.csproj", "{D800C0EB-6646-492B-8281-894DC00687B3}"
EndProject
Project("{2150E333-8FDC-42A3-9474-1A3956D46DE8}") = "Integrations", "Integrations", "{64BFE3FE-9190-4175-BF04-B844220F8D40}"
EndProject
Project("{2150E333-8FDC-42A3-9474-1A3956D46DE8}") = "Src", "Src", "{41F7D394-B9CD-4FFD-9DA3-483366B87324}"
EndProject
Project("{FAE04EC0-301F-11D3-BF4B-00C04F79EFBC}") = "AH.Integration.Auth0.ServiceAgent", "Integrations\Src\AH.Integration.Auth0.ServiceAgent\AH.Integration.Auth0.ServiceAgent.csproj", "{F7A6EF79-9245-48B3-B105-A969BC2BC3B6}"
EndProject
Project("{FAE04EC0-301F-11D3-BF4B-00C04F79EFBC}") = "AH.Integration.Auth0.ServiceAgent.Rest", "Integrations\Src\AH.Integration.Auth0.ServiceAgent.Rest\AH.Integration.Auth0.ServiceAgent.Rest.csproj", "{200A43A9-18B1-4048-8715-2355FB713CCA}"
EndProject
Global
	GlobalSection(SolutionConfigurationPlatforms) = preSolution
		Debug|Any CPU = Debug|Any CPU
		Release|Any CPU = Release|Any CPU
	EndGlobalSection
	GlobalSection(ProjectConfigurationPlatforms) = postSolution
		{7F617463-99A6-4A03-963C-472CB40C01CF}.Debug|Any CPU.ActiveCfg = Debug|Any CPU
		{7F617463-99A6-4A03-963C-472CB40C01CF}.Debug|Any CPU.Build.0 = Debug|Any CPU
		{7F617463-99A6-4A03-963C-472CB40C01CF}.Release|Any CPU.ActiveCfg = Release|Any CPU
		{7F617463-99A6-4A03-963C-472CB40C01CF}.Release|Any CPU.Build.0 = Release|Any CPU
		{74295559-C653-4A6F-9596-E01F1BFBCCD4}.Debug|Any CPU.ActiveCfg = Debug|Any CPU
		{74295559-C653-4A6F-9596-E01F1BFBCCD4}.Debug|Any CPU.Build.0 = Debug|Any CPU
		{74295559-C653-4A6F-9596-E01F1BFBCCD4}.Release|Any CPU.ActiveCfg = Release|Any CPU
		{74295559-C653-4A6F-9596-E01F1BFBCCD4}.Release|Any CPU.Build.0 = Release|Any CPU
		{1A5622BD-042D-455B-BD1C-4786BFFF6DB6}.Debug|Any CPU.ActiveCfg = Debug|Any CPU
		{1A5622BD-042D-455B-BD1C-4786BFFF6DB6}.Debug|Any CPU.Build.0 = Debug|Any CPU
		{1A5622BD-042D-455B-BD1C-4786BFFF6DB6}.Release|Any CPU.ActiveCfg = Release|Any CPU
		{1A5622BD-042D-455B-BD1C-4786BFFF6DB6}.Release|Any CPU.Build.0 = Release|Any CPU
		{F1D7C1A4-1B43-404D-8722-16BBABF2B113}.Debug|Any CPU.ActiveCfg = Debug|Any CPU
		{F1D7C1A4-1B43-404D-8722-16BBABF2B113}.Debug|Any CPU.Build.0 = Debug|Any CPU
		{F1D7C1A4-1B43-404D-8722-16BBABF2B113}.Release|Any CPU.ActiveCfg = Release|Any CPU
		{F1D7C1A4-1B43-404D-8722-16BBABF2B113}.Release|Any CPU.Build.0 = Release|Any CPU
		{0AB7D4A1-E5B2-42C2-8B87-1D6D4D4DEEF3}.Debug|Any CPU.ActiveCfg = Debug|Any CPU
		{0AB7D4A1-E5B2-42C2-8B87-1D6D4D4DEEF3}.Debug|Any CPU.Build.0 = Debug|Any CPU
		{0AB7D4A1-E5B2-42C2-8B87-1D6D4D4DEEF3}.Release|Any CPU.ActiveCfg = Release|Any CPU
		{0AB7D4A1-E5B2-42C2-8B87-1D6D4D4DEEF3}.Release|Any CPU.Build.0 = Release|Any CPU
		{2B9F07E1-AFF6-4961-BB07-2D2C37126164}.Debug|Any CPU.ActiveCfg = Debug|Any CPU
		{2B9F07E1-AFF6-4961-BB07-2D2C37126164}.Debug|Any CPU.Build.0 = Debug|Any CPU
		{2B9F07E1-AFF6-4961-BB07-2D2C37126164}.Release|Any CPU.ActiveCfg = Release|Any CPU
		{2B9F07E1-AFF6-4961-BB07-2D2C37126164}.Release|Any CPU.Build.0 = Release|Any CPU
		{5DD4C435-E3F0-4D76-AFA4-C3A892C7319A}.Debug|Any CPU.ActiveCfg = Debug|Any CPU
		{5DD4C435-E3F0-4D76-AFA4-C3A892C7319A}.Debug|Any CPU.Build.0 = Debug|Any CPU
		{5DD4C435-E3F0-4D76-AFA4-C3A892C7319A}.Release|Any CPU.ActiveCfg = Release|Any CPU
		{5DD4C435-E3F0-4D76-AFA4-C3A892C7319A}.Release|Any CPU.Build.0 = Release|Any CPU
		{82D8E4FF-00BA-4B9A-A6D7-42EC939AC74E}.Debug|Any CPU.ActiveCfg = Debug|Any CPU
		{82D8E4FF-00BA-4B9A-A6D7-42EC939AC74E}.Debug|Any CPU.Build.0 = Debug|Any CPU
		{82D8E4FF-00BA-4B9A-A6D7-42EC939AC74E}.Release|Any CPU.ActiveCfg = Release|Any CPU
		{82D8E4FF-00BA-4B9A-A6D7-42EC939AC74E}.Release|Any CPU.Build.0 = Release|Any CPU
		{35B4969F-948C-4E5B-954A-09EC1AB3DEDB}.Debug|Any CPU.ActiveCfg = Debug|Any CPU
		{35B4969F-948C-4E5B-954A-09EC1AB3DEDB}.Debug|Any CPU.Build.0 = Debug|Any CPU
		{35B4969F-948C-4E5B-954A-09EC1AB3DEDB}.Release|Any CPU.ActiveCfg = Release|Any CPU
		{35B4969F-948C-4E5B-954A-09EC1AB3DEDB}.Release|Any CPU.Build.0 = Release|Any CPU
		{525222AE-8ACB-4455-9C1B-17CC67928AAD}.Debug|Any CPU.ActiveCfg = Debug|Any CPU
		{525222AE-8ACB-4455-9C1B-17CC67928AAD}.Debug|Any CPU.Build.0 = Debug|Any CPU
		{525222AE-8ACB-4455-9C1B-17CC67928AAD}.Release|Any CPU.ActiveCfg = Release|Any CPU
		{525222AE-8ACB-4455-9C1B-17CC67928AAD}.Release|Any CPU.Build.0 = Release|Any CPU
		{4E7E1155-2CBA-4D36-9D79-09B8F670BBCC}.Debug|Any CPU.ActiveCfg = Debug|Any CPU
		{4E7E1155-2CBA-4D36-9D79-09B8F670BBCC}.Debug|Any CPU.Build.0 = Debug|Any CPU
		{4E7E1155-2CBA-4D36-9D79-09B8F670BBCC}.Release|Any CPU.ActiveCfg = Release|Any CPU
		{4E7E1155-2CBA-4D36-9D79-09B8F670BBCC}.Release|Any CPU.Build.0 = Release|Any CPU
		{A58314FE-0E02-4FD7-992D-6507CDE2A89F}.Debug|Any CPU.ActiveCfg = Debug|Any CPU
		{A58314FE-0E02-4FD7-992D-6507CDE2A89F}.Debug|Any CPU.Build.0 = Debug|Any CPU
		{A58314FE-0E02-4FD7-992D-6507CDE2A89F}.Release|Any CPU.ActiveCfg = Release|Any CPU
		{A58314FE-0E02-4FD7-992D-6507CDE2A89F}.Release|Any CPU.Build.0 = Release|Any CPU
		{C3D7FF4C-07CB-4BA0-8E92-758CC3762DFA}.Debug|Any CPU.ActiveCfg = Debug|Any CPU
		{C3D7FF4C-07CB-4BA0-8E92-758CC3762DFA}.Debug|Any CPU.Build.0 = Debug|Any CPU
		{C3D7FF4C-07CB-4BA0-8E92-758CC3762DFA}.Release|Any CPU.ActiveCfg = Release|Any CPU
		{C3D7FF4C-07CB-4BA0-8E92-758CC3762DFA}.Release|Any CPU.Build.0 = Release|Any CPU
		{2B8B6B68-493D-4918-B97A-D2EE723C3589}.Debug|Any CPU.ActiveCfg = Debug|Any CPU
		{2B8B6B68-493D-4918-B97A-D2EE723C3589}.Debug|Any CPU.Build.0 = Debug|Any CPU
		{2B8B6B68-493D-4918-B97A-D2EE723C3589}.Release|Any CPU.ActiveCfg = Release|Any CPU
		{2B8B6B68-493D-4918-B97A-D2EE723C3589}.Release|Any CPU.Build.0 = Release|Any CPU
		{51D55A9A-8EFF-4D71-A0F3-752BDBAE186A}.Debug|Any CPU.ActiveCfg = Debug|Any CPU
		{51D55A9A-8EFF-4D71-A0F3-752BDBAE186A}.Debug|Any CPU.Build.0 = Debug|Any CPU
		{51D55A9A-8EFF-4D71-A0F3-752BDBAE186A}.Release|Any CPU.ActiveCfg = Release|Any CPU
		{51D55A9A-8EFF-4D71-A0F3-752BDBAE186A}.Release|Any CPU.Build.0 = Release|Any CPU
		{07D90C3E-51E3-4F48-9DE8-1197655BC181}.Debug|Any CPU.ActiveCfg = Debug|Any CPU
		{07D90C3E-51E3-4F48-9DE8-1197655BC181}.Debug|Any CPU.Build.0 = Debug|Any CPU
		{07D90C3E-51E3-4F48-9DE8-1197655BC181}.Release|Any CPU.ActiveCfg = Release|Any CPU
		{07D90C3E-51E3-4F48-9DE8-1197655BC181}.Release|Any CPU.Build.0 = Release|Any CPU
		{036781F9-DAAA-4773-ADF4-4E462C1B6486}.Debug|Any CPU.ActiveCfg = Debug|Any CPU
		{036781F9-DAAA-4773-ADF4-4E462C1B6486}.Debug|Any CPU.Build.0 = Debug|Any CPU
		{036781F9-DAAA-4773-ADF4-4E462C1B6486}.Release|Any CPU.ActiveCfg = Release|Any CPU
		{036781F9-DAAA-4773-ADF4-4E462C1B6486}.Release|Any CPU.Build.0 = Release|Any CPU
		{E617D943-1777-4EAF-B187-4FF3B03F3572}.Debug|Any CPU.ActiveCfg = Debug|Any CPU
		{E617D943-1777-4EAF-B187-4FF3B03F3572}.Debug|Any CPU.Build.0 = Debug|Any CPU
		{E617D943-1777-4EAF-B187-4FF3B03F3572}.Release|Any CPU.ActiveCfg = Release|Any CPU
		{E617D943-1777-4EAF-B187-4FF3B03F3572}.Release|Any CPU.Build.0 = Release|Any CPU
		{4C00D0BE-4128-42A2-9E0B-47101B501220}.Debug|Any CPU.ActiveCfg = Debug|Any CPU
		{4C00D0BE-4128-42A2-9E0B-47101B501220}.Debug|Any CPU.Build.0 = Debug|Any CPU
		{4C00D0BE-4128-42A2-9E0B-47101B501220}.Release|Any CPU.ActiveCfg = Release|Any CPU
		{4C00D0BE-4128-42A2-9E0B-47101B501220}.Release|Any CPU.Build.0 = Release|Any CPU
		{5D654FCA-6BA0-47E8-927E-9CE0F14D5239}.Debug|Any CPU.ActiveCfg = Debug|Any CPU
		{5D654FCA-6BA0-47E8-927E-9CE0F14D5239}.Debug|Any CPU.Build.0 = Debug|Any CPU
		{5D654FCA-6BA0-47E8-927E-9CE0F14D5239}.Release|Any CPU.ActiveCfg = Release|Any CPU
		{5D654FCA-6BA0-47E8-927E-9CE0F14D5239}.Release|Any CPU.Build.0 = Release|Any CPU
		{2CC23DD8-5D7C-4737-8136-E1BFE1EA23F1}.Debug|Any CPU.ActiveCfg = Debug|Any CPU
		{2CC23DD8-5D7C-4737-8136-E1BFE1EA23F1}.Debug|Any CPU.Build.0 = Debug|Any CPU
		{2CC23DD8-5D7C-4737-8136-E1BFE1EA23F1}.Release|Any CPU.ActiveCfg = Release|Any CPU
		{2CC23DD8-5D7C-4737-8136-E1BFE1EA23F1}.Release|Any CPU.Build.0 = Release|Any CPU
		{5D922F63-4621-4E95-91D2-B9813A9605AE}.Debug|Any CPU.ActiveCfg = Debug|Any CPU
		{5D922F63-4621-4E95-91D2-B9813A9605AE}.Debug|Any CPU.Build.0 = Debug|Any CPU
		{5D922F63-4621-4E95-91D2-B9813A9605AE}.Release|Any CPU.ActiveCfg = Release|Any CPU
		{5D922F63-4621-4E95-91D2-B9813A9605AE}.Release|Any CPU.Build.0 = Release|Any CPU
		{24FFCE8C-9BDC-4E65-B02A-85BE5470C003}.Debug|Any CPU.ActiveCfg = Debug|Any CPU
		{24FFCE8C-9BDC-4E65-B02A-85BE5470C003}.Debug|Any CPU.Build.0 = Debug|Any CPU
		{24FFCE8C-9BDC-4E65-B02A-85BE5470C003}.Release|Any CPU.ActiveCfg = Release|Any CPU
		{24FFCE8C-9BDC-4E65-B02A-85BE5470C003}.Release|Any CPU.Build.0 = Release|Any CPU
		{F949E9D9-CB8A-40C7-9077-8724FA0EEF89}.Debug|Any CPU.ActiveCfg = Debug|Any CPU
		{F949E9D9-CB8A-40C7-9077-8724FA0EEF89}.Debug|Any CPU.Build.0 = Debug|Any CPU
		{F949E9D9-CB8A-40C7-9077-8724FA0EEF89}.Release|Any CPU.ActiveCfg = Release|Any CPU
		{F949E9D9-CB8A-40C7-9077-8724FA0EEF89}.Release|Any CPU.Build.0 = Release|Any CPU
		{75E34AE4-93D6-43CE-9654-5D6749A4D33A}.Debug|Any CPU.ActiveCfg = Debug|Any CPU
		{75E34AE4-93D6-43CE-9654-5D6749A4D33A}.Debug|Any CPU.Build.0 = Debug|Any CPU
		{75E34AE4-93D6-43CE-9654-5D6749A4D33A}.Release|Any CPU.ActiveCfg = Release|Any CPU
		{75E34AE4-93D6-43CE-9654-5D6749A4D33A}.Release|Any CPU.Build.0 = Release|Any CPU
		{A47C5A89-F195-461B-8078-77A9B05EC677}.Debug|Any CPU.ActiveCfg = Debug|Any CPU
		{A47C5A89-F195-461B-8078-77A9B05EC677}.Debug|Any CPU.Build.0 = Debug|Any CPU
		{A47C5A89-F195-461B-8078-77A9B05EC677}.Release|Any CPU.ActiveCfg = Release|Any CPU
		{A47C5A89-F195-461B-8078-77A9B05EC677}.Release|Any CPU.Build.0 = Release|Any CPU
		{B14635B6-C2C1-41E7-8F0E-936198C4028C}.Debug|Any CPU.ActiveCfg = Debug|Any CPU
		{B14635B6-C2C1-41E7-8F0E-936198C4028C}.Debug|Any CPU.Build.0 = Debug|Any CPU
		{B14635B6-C2C1-41E7-8F0E-936198C4028C}.Release|Any CPU.ActiveCfg = Release|Any CPU
		{B14635B6-C2C1-41E7-8F0E-936198C4028C}.Release|Any CPU.Build.0 = Release|Any CPU
		{3A5C3BB7-E57D-462F-AA47-496B09E14552}.Debug|Any CPU.ActiveCfg = Debug|Any CPU
		{3A5C3BB7-E57D-462F-AA47-496B09E14552}.Debug|Any CPU.Build.0 = Debug|Any CPU
		{3A5C3BB7-E57D-462F-AA47-496B09E14552}.Release|Any CPU.ActiveCfg = Release|Any CPU
		{3A5C3BB7-E57D-462F-AA47-496B09E14552}.Release|Any CPU.Build.0 = Release|Any CPU
		{9A5338E0-343D-4CB0-9D5F-B3AB8192E84A}.Debug|Any CPU.ActiveCfg = Debug|Any CPU
		{9A5338E0-343D-4CB0-9D5F-B3AB8192E84A}.Debug|Any CPU.Build.0 = Debug|Any CPU
		{9A5338E0-343D-4CB0-9D5F-B3AB8192E84A}.Release|Any CPU.ActiveCfg = Release|Any CPU
		{9A5338E0-343D-4CB0-9D5F-B3AB8192E84A}.Release|Any CPU.Build.0 = Release|Any CPU
		{62DC5A09-CA9E-4EA0-8800-9DF0469BAE20}.Debug|Any CPU.ActiveCfg = Debug|Any CPU
		{62DC5A09-CA9E-4EA0-8800-9DF0469BAE20}.Debug|Any CPU.Build.0 = Debug|Any CPU
		{62DC5A09-CA9E-4EA0-8800-9DF0469BAE20}.Release|Any CPU.ActiveCfg = Release|Any CPU
		{62DC5A09-CA9E-4EA0-8800-9DF0469BAE20}.Release|Any CPU.Build.0 = Release|Any CPU
		{D800C0EB-6646-492B-8281-894DC00687B3}.Debug|Any CPU.ActiveCfg = Debug|Any CPU
		{D800C0EB-6646-492B-8281-894DC00687B3}.Debug|Any CPU.Build.0 = Debug|Any CPU
		{D800C0EB-6646-492B-8281-894DC00687B3}.Release|Any CPU.ActiveCfg = Release|Any CPU
		{D800C0EB-6646-492B-8281-894DC00687B3}.Release|Any CPU.Build.0 = Release|Any CPU
		{F7A6EF79-9245-48B3-B105-A969BC2BC3B6}.Debug|Any CPU.ActiveCfg = Debug|Any CPU
		{F7A6EF79-9245-48B3-B105-A969BC2BC3B6}.Debug|Any CPU.Build.0 = Debug|Any CPU
		{F7A6EF79-9245-48B3-B105-A969BC2BC3B6}.Release|Any CPU.ActiveCfg = Release|Any CPU
		{F7A6EF79-9245-48B3-B105-A969BC2BC3B6}.Release|Any CPU.Build.0 = Release|Any CPU
		{200A43A9-18B1-4048-8715-2355FB713CCA}.Debug|Any CPU.ActiveCfg = Debug|Any CPU
		{200A43A9-18B1-4048-8715-2355FB713CCA}.Debug|Any CPU.Build.0 = Debug|Any CPU
		{200A43A9-18B1-4048-8715-2355FB713CCA}.Release|Any CPU.ActiveCfg = Release|Any CPU
		{200A43A9-18B1-4048-8715-2355FB713CCA}.Release|Any CPU.Build.0 = Release|Any CPU
	EndGlobalSection
	GlobalSection(SolutionProperties) = preSolution
		HideSolutionNode = FALSE
	EndGlobalSection
	GlobalSection(NestedProjects) = preSolution
		{CD4A391A-E393-4232-95DC-B5D85A7C2C33} = {B0CD207C-A630-4A0F-87D9-7F97C936BC49}
		{C6DC438D-CFE0-4954-90C2-7FC3A204A845} = {CD4A391A-E393-4232-95DC-B5D85A7C2C33}
		{B1DD97AA-9ED6-41EC-98E4-2B73FEED4CAB} = {CD4A391A-E393-4232-95DC-B5D85A7C2C33}
		{7F617463-99A6-4A03-963C-472CB40C01CF} = {C6DC438D-CFE0-4954-90C2-7FC3A204A845}
		{74295559-C653-4A6F-9596-E01F1BFBCCD4} = {C6DC438D-CFE0-4954-90C2-7FC3A204A845}
		{1AAB3227-5523-49A4-B710-71D48F712FF8} = {CD4A391A-E393-4232-95DC-B5D85A7C2C33}
		{1A5622BD-042D-455B-BD1C-4786BFFF6DB6} = {1AAB3227-5523-49A4-B710-71D48F712FF8}
		{F1D7C1A4-1B43-404D-8722-16BBABF2B113} = {1AAB3227-5523-49A4-B710-71D48F712FF8}
		{06936BFE-9DD9-43C6-9858-45394D3BC477} = {8B4094E3-EE67-4F7E-86E8-250400AA4BB6}
		{8F0F0F97-7F4A-43BC-89FF-7152EBC66DE0} = {8B4094E3-EE67-4F7E-86E8-250400AA4BB6}
		{D305FB5E-0ACC-472E-BD72-0CF9E78511C7} = {06936BFE-9DD9-43C6-9858-45394D3BC477}
		{0AB7D4A1-E5B2-42C2-8B87-1D6D4D4DEEF3} = {D305FB5E-0ACC-472E-BD72-0CF9E78511C7}
		{2B9F07E1-AFF6-4961-BB07-2D2C37126164} = {D305FB5E-0ACC-472E-BD72-0CF9E78511C7}
		{4CB89BFB-180F-418E-8E52-A6B4C3E964D0} = {06936BFE-9DD9-43C6-9858-45394D3BC477}
		{5DD4C435-E3F0-4D76-AFA4-C3A892C7319A} = {4CB89BFB-180F-418E-8E52-A6B4C3E964D0}
		{82D8E4FF-00BA-4B9A-A6D7-42EC939AC74E} = {4CB89BFB-180F-418E-8E52-A6B4C3E964D0}
		{EDE1BAE5-7D9C-4918-90BE-8085E0627F7A} = {B0CD207C-A630-4A0F-87D9-7F97C936BC49}
		{F4067158-42B2-4DBA-AD87-8E4D27299DDC} = {B0CD207C-A630-4A0F-87D9-7F97C936BC49}
		{17348D96-7899-4984-9506-559493AF7FB8} = {06936BFE-9DD9-43C6-9858-45394D3BC477}
		{7F2D66D5-AA4D-4F47-9759-144836A98C19} = {8B4094E3-EE67-4F7E-86E8-250400AA4BB6}
		{35B4969F-948C-4E5B-954A-09EC1AB3DEDB} = {17348D96-7899-4984-9506-559493AF7FB8}
		{525222AE-8ACB-4455-9C1B-17CC67928AAD} = {B1DD97AA-9ED6-41EC-98E4-2B73FEED4CAB}
		{B0CD207C-A630-4A0F-87D9-7F97C936BC49} = {92AB78D7-8BD2-4AD8-86D8-39CB1132F862}
		{8B4094E3-EE67-4F7E-86E8-250400AA4BB6} = {92AB78D7-8BD2-4AD8-86D8-39CB1132F862}
		{A58314FE-0E02-4FD7-992D-6507CDE2A89F} = {3BC8E22B-F8FF-4D21-B18C-D00A702B4086}
		{C3D7FF4C-07CB-4BA0-8E92-758CC3762DFA} = {3BC8E22B-F8FF-4D21-B18C-D00A702B4086}
		{2B8B6B68-493D-4918-B97A-D2EE723C3589} = {3BC8E22B-F8FF-4D21-B18C-D00A702B4086}
		{51D55A9A-8EFF-4D71-A0F3-752BDBAE186A} = {3BC8E22B-F8FF-4D21-B18C-D00A702B4086}
		{8720DA5A-BF4B-469F-9BE0-86042722ECBA} = {92AB78D7-8BD2-4AD8-86D8-39CB1132F862}
		{D8A27CE3-314C-4C6C-80C8-179958D68643} = {CD4A391A-E393-4232-95DC-B5D85A7C2C33}
		{07D90C3E-51E3-4F48-9DE8-1197655BC181} = {EDE1BAE5-7D9C-4918-90BE-8085E0627F7A}
		{036781F9-DAAA-4773-ADF4-4E462C1B6486} = {D8A27CE3-314C-4C6C-80C8-179958D68643}
		{FF7948F5-889B-490B-9BF5-24F6FAADD6AE} = {92AB78D7-8BD2-4AD8-86D8-39CB1132F862}
		{B77D801D-2ED2-46BE-ADC0-CBA7A8249DCB} = {FF7948F5-889B-490B-9BF5-24F6FAADD6AE}
		{4381EEF4-3A92-4F73-84BA-C16734EC7A74} = {FF7948F5-889B-490B-9BF5-24F6FAADD6AE}
		{069F9F93-D580-4554-B94E-D2647F9AC511} = {FF7948F5-889B-490B-9BF5-24F6FAADD6AE}
		{602FBFE3-0550-4F66-B714-4527CCF7B6E8} = {4381EEF4-3A92-4F73-84BA-C16734EC7A74}
		{E617D943-1777-4EAF-B187-4FF3B03F3572} = {602FBFE3-0550-4F66-B714-4527CCF7B6E8}
		{4C00D0BE-4128-42A2-9E0B-47101B501220} = {3BC8E22B-F8FF-4D21-B18C-D00A702B4086}
		{110DCACF-9682-4A8A-89BD-E5CD966ED77A} = {06936BFE-9DD9-43C6-9858-45394D3BC477}
		{5D654FCA-6BA0-47E8-927E-9CE0F14D5239} = {110DCACF-9682-4A8A-89BD-E5CD966ED77A}
		{F7099E45-B4FC-4638-B9F1-303BEAB10AD9} = {92AB78D7-8BD2-4AD8-86D8-39CB1132F862}
		{C6534F3F-973B-43AF-9971-547AEDFC5E4C} = {F7099E45-B4FC-4638-B9F1-303BEAB10AD9}
		{2BF2FA36-25CE-43D6-8019-60B9BDB64ACC} = {F7099E45-B4FC-4638-B9F1-303BEAB10AD9}
		{DBB4AAAE-C506-4958-A6AA-21C4C1DA6304} = {F7099E45-B4FC-4638-B9F1-303BEAB10AD9}
		{42FE682F-DDA0-4720-BF67-D94303B92145} = {2BF2FA36-25CE-43D6-8019-60B9BDB64ACC}
		{5A8EE954-689F-4C7B-9C8C-E91F238C12B9} = {2BF2FA36-25CE-43D6-8019-60B9BDB64ACC}
		{BECE20DD-99F6-4390-B52C-572E8338037C} = {2BF2FA36-25CE-43D6-8019-60B9BDB64ACC}
		{35318C13-EA68-439F-94FF-DA8578749042} = {2BF2FA36-25CE-43D6-8019-60B9BDB64ACC}
		{2CC23DD8-5D7C-4737-8136-E1BFE1EA23F1} = {42FE682F-DDA0-4720-BF67-D94303B92145}
		{5D922F63-4621-4E95-91D2-B9813A9605AE} = {42FE682F-DDA0-4720-BF67-D94303B92145}
		{24FFCE8C-9BDC-4E65-B02A-85BE5470C003} = {5A8EE954-689F-4C7B-9C8C-E91F238C12B9}
		{F949E9D9-CB8A-40C7-9077-8724FA0EEF89} = {5A8EE954-689F-4C7B-9C8C-E91F238C12B9}
		{75E34AE4-93D6-43CE-9654-5D6749A4D33A} = {BECE20DD-99F6-4390-B52C-572E8338037C}
		{A47C5A89-F195-461B-8078-77A9B05EC677} = {8F0F0F97-7F4A-43BC-89FF-7152EBC66DE0}
		{B14635B6-C2C1-41E7-8F0E-936198C4028C} = {8F0F0F97-7F4A-43BC-89FF-7152EBC66DE0}
		{3A5C3BB7-E57D-462F-AA47-496B09E14552} = {EDE1BAE5-7D9C-4918-90BE-8085E0627F7A}
		{9A5338E0-343D-4CB0-9D5F-B3AB8192E84A} = {DBB4AAAE-C506-4958-A6AA-21C4C1DA6304}
		{62DC5A09-CA9E-4EA0-8800-9DF0469BAE20} = {DBB4AAAE-C506-4958-A6AA-21C4C1DA6304}
		{D800C0EB-6646-492B-8281-894DC00687B3} = {35318C13-EA68-439F-94FF-DA8578749042}
		{41F7D394-B9CD-4FFD-9DA3-483366B87324} = {64BFE3FE-9190-4175-BF04-B844220F8D40}
		{F7A6EF79-9245-48B3-B105-A969BC2BC3B6} = {41F7D394-B9CD-4FFD-9DA3-483366B87324}
		{200A43A9-18B1-4048-8715-2355FB713CCA} = {41F7D394-B9CD-4FFD-9DA3-483366B87324}
	EndGlobalSection
	GlobalSection(ExtensibilityGlobals) = postSolution
		SolutionGuid = {ADA7513C-1144-4397-870D-DF008958C056}
	EndGlobalSection
EndGlobal
