
Microsoft Visual Studio Solution File, Format Version 12.00
Project("{2150E333-8FDC-42A3-9474-1A3956D46DE8}") = "Src", "Src", "{0FC4E9E7-BB45-406C-9BBA-74644FF06FEA}"
EndProject
Project("{2150E333-8FDC-42A3-9474-1A3956D46DE8}") = "Tests", "Tests", "{6502DFA2-C950-4942-A8EF-8CC64F327288}"
EndProject
Project("{2150E333-8FDC-42A3-9474-1A3956D46DE8}") = "Documentation", "Documentation", "{CB5227AA-B0E6-4CC4-BAFA-E95A9595CD99}"
	ProjectSection(SolutionItems) = preProject
		Documentation\Sequence Diagram - Add Master Tag.puml = Documentation\Sequence Diagram - Add Master Tag.puml
	EndProjectSection
EndProject
Project("{2150E333-8FDC-42A3-9474-1A3956D46DE8}") = "Core", "Core", "{70940123-1075-4E77-BEA7-0E1B0B222ADF}"
EndProject
Project("{FAE04EC0-301F-11D3-BF4B-00C04F79EFBC}") = "AH.Metadata.Application", "Src\Core\AH.Metadata.Application\AH.Metadata.Application.csproj", "{CD82C41A-7BEB-43FD-86BE-74003D2EE0DE}"
EndProject
Project("{FAE04EC0-301F-11D3-BF4B-00C04F79EFBC}") = "AH.Metadata.Domain", "Src\Core\AH.Metadata.Domain\AH.Metadata.Domain.csproj", "{CD7834CA-9ECB-46D6-BF07-079948C0C14F}"
EndProject
Project("{2150E333-8FDC-42A3-9474-1A3956D46DE8}") = "Infrastructure", "Infrastructure", "{87D9DAA1-3468-4EC2-B668-20343E3CF726}"
EndProject
Project("{2150E333-8FDC-42A3-9474-1A3956D46DE8}") = "Presentation", "Presentation", "{F21BEF47-11D0-4572-900D-F09731F0A71F}"
EndProject
Project("{FAE04EC0-301F-11D3-BF4B-00C04F79EFBC}") = "AH.Metadata.Infrastructure", "Src\Infrastructure\AH.Metadata.Infrastructure\AH.Metadata.Infrastructure.csproj", "{4FC758D6-47BD-42E1-BA65-5683CD0F01A7}"
EndProject
Project("{FAE04EC0-301F-11D3-BF4B-00C04F79EFBC}") = "AH.Metadata.Persistence", "Src\Infrastructure\AH.Metadata.Persistence\AH.Metadata.Persistence.csproj", "{8C7D25EC-8CFF-47D4-91DB-CA3D7328B615}"
EndProject
Project("{FAE04EC0-301F-11D3-BF4B-00C04F79EFBC}") = "AH.Metadata.Api", "Src\Presentation\AH.Metadata.Api\AH.Metadata.Api.csproj", "{284D6461-1543-43C2-85F0-0F13900B6FE1}"
EndProject
Project("{2150E333-8FDC-42A3-9474-1A3956D46DE8}") = "Solution Items", "Solution Items", "{2E6FB41B-FA84-4209-8CC7-18885A6DD2CB}"
	ProjectSection(SolutionItems) = preProject
		docker-compose.yml = docker-compose.yml
	EndProjectSection
EndProject
Project("{2150E333-8FDC-42A3-9474-1A3956D46DE8}") = "Shared", "Shared", "{5E30EA94-0D24-4672-80BD-2E88AF4D55A7}"
EndProject
Project("{FAE04EC0-301F-11D3-BF4B-00C04F79EFBC}") = "AH.Metadata.Shared", "Src\Shared\AH.Metadata.Shared\AH.Metadata.Shared.csproj", "{A871995E-75B7-4315-8CB6-2109783C8F3B}"
EndProject
Project("{FAE04EC0-301F-11D3-BF4B-00C04F79EFBC}") = "Tests.Unit.Application", "Tests\Tests.Unit.Application\Tests.Unit.Application.csproj", "{64BA6E3B-2F72-4139-A166-A2716F5B0189}"
EndProject
Global
	GlobalSection(SolutionConfigurationPlatforms) = preSolution
		Debug|Any CPU = Debug|Any CPU
		Release|Any CPU = Release|Any CPU
	EndGlobalSection
	GlobalSection(NestedProjects) = preSolution
		{70940123-1075-4E77-BEA7-0E1B0B222ADF} = {0FC4E9E7-BB45-406C-9BBA-74644FF06FEA}
		{CD82C41A-7BEB-43FD-86BE-74003D2EE0DE} = {70940123-1075-4E77-BEA7-0E1B0B222ADF}
		{CD7834CA-9ECB-46D6-BF07-079948C0C14F} = {70940123-1075-4E77-BEA7-0E1B0B222ADF}
		{87D9DAA1-3468-4EC2-B668-20343E3CF726} = {0FC4E9E7-BB45-406C-9BBA-74644FF06FEA}
		{F21BEF47-11D0-4572-900D-F09731F0A71F} = {0FC4E9E7-BB45-406C-9BBA-74644FF06FEA}
		{4FC758D6-47BD-42E1-BA65-5683CD0F01A7} = {87D9DAA1-3468-4EC2-B668-20343E3CF726}
		{8C7D25EC-8CFF-47D4-91DB-CA3D7328B615} = {87D9DAA1-3468-4EC2-B668-20343E3CF726}
		{284D6461-1543-43C2-85F0-0F13900B6FE1} = {F21BEF47-11D0-4572-900D-F09731F0A71F}
		{A871995E-75B7-4315-8CB6-2109783C8F3B} = {5E30EA94-0D24-4672-80BD-2E88AF4D55A7}
		{5E30EA94-0D24-4672-80BD-2E88AF4D55A7} = {0FC4E9E7-BB45-406C-9BBA-74644FF06FEA}
		{64BA6E3B-2F72-4139-A166-A2716F5B0189} = {6502DFA2-C950-4942-A8EF-8CC64F327288}
	EndGlobalSection
	GlobalSection(ProjectConfigurationPlatforms) = postSolution
		{CD82C41A-7BEB-43FD-86BE-74003D2EE0DE}.Debug|Any CPU.ActiveCfg = Debug|Any CPU
		{CD82C41A-7BEB-43FD-86BE-74003D2EE0DE}.Debug|Any CPU.Build.0 = Debug|Any CPU
		{CD82C41A-7BEB-43FD-86BE-74003D2EE0DE}.Release|Any CPU.ActiveCfg = Release|Any CPU
		{CD82C41A-7BEB-43FD-86BE-74003D2EE0DE}.Release|Any CPU.Build.0 = Release|Any CPU
		{CD7834CA-9ECB-46D6-BF07-079948C0C14F}.Debug|Any CPU.ActiveCfg = Debug|Any CPU
		{CD7834CA-9ECB-46D6-BF07-079948C0C14F}.Debug|Any CPU.Build.0 = Debug|Any CPU
		{CD7834CA-9ECB-46D6-BF07-079948C0C14F}.Release|Any CPU.ActiveCfg = Release|Any CPU
		{CD7834CA-9ECB-46D6-BF07-079948C0C14F}.Release|Any CPU.Build.0 = Release|Any CPU
		{4FC758D6-47BD-42E1-BA65-5683CD0F01A7}.Debug|Any CPU.ActiveCfg = Debug|Any CPU
		{4FC758D6-47BD-42E1-BA65-5683CD0F01A7}.Debug|Any CPU.Build.0 = Debug|Any CPU
		{4FC758D6-47BD-42E1-BA65-5683CD0F01A7}.Release|Any CPU.ActiveCfg = Release|Any CPU
		{4FC758D6-47BD-42E1-BA65-5683CD0F01A7}.Release|Any CPU.Build.0 = Release|Any CPU
		{8C7D25EC-8CFF-47D4-91DB-CA3D7328B615}.Debug|Any CPU.ActiveCfg = Debug|Any CPU
		{8C7D25EC-8CFF-47D4-91DB-CA3D7328B615}.Debug|Any CPU.Build.0 = Debug|Any CPU
		{8C7D25EC-8CFF-47D4-91DB-CA3D7328B615}.Release|Any CPU.ActiveCfg = Release|Any CPU
		{8C7D25EC-8CFF-47D4-91DB-CA3D7328B615}.Release|Any CPU.Build.0 = Release|Any CPU
		{284D6461-1543-43C2-85F0-0F13900B6FE1}.Debug|Any CPU.ActiveCfg = Debug|Any CPU
		{284D6461-1543-43C2-85F0-0F13900B6FE1}.Debug|Any CPU.Build.0 = Debug|Any CPU
		{284D6461-1543-43C2-85F0-0F13900B6FE1}.Release|Any CPU.ActiveCfg = Release|Any CPU
		{284D6461-1543-43C2-85F0-0F13900B6FE1}.Release|Any CPU.Build.0 = Release|Any CPU
		{A871995E-75B7-4315-8CB6-2109783C8F3B}.Debug|Any CPU.ActiveCfg = Debug|Any CPU
		{A871995E-75B7-4315-8CB6-2109783C8F3B}.Debug|Any CPU.Build.0 = Debug|Any CPU
		{A871995E-75B7-4315-8CB6-2109783C8F3B}.Release|Any CPU.ActiveCfg = Release|Any CPU
		{A871995E-75B7-4315-8CB6-2109783C8F3B}.Release|Any CPU.Build.0 = Release|Any CPU
		{64BA6E3B-2F72-4139-A166-A2716F5B0189}.Debug|Any CPU.ActiveCfg = Debug|Any CPU
		{64BA6E3B-2F72-4139-A166-A2716F5B0189}.Debug|Any CPU.Build.0 = Debug|Any CPU
		{64BA6E3B-2F72-4139-A166-A2716F5B0189}.Release|Any CPU.ActiveCfg = Release|Any CPU
		{64BA6E3B-2F72-4139-A166-A2716F5B0189}.Release|Any CPU.Build.0 = Release|Any CPU
	EndGlobalSection
EndGlobal
