
Microsoft Visual Studio Solution File, Format Version 12.00
Project("{2150E333-8FDC-42A3-9474-1A3956D46DE8}") = "Src", "Src", "{482D68AD-5CA2-4DD6-9C80-103C4C189E56}"
EndProject
Project("{2150E333-8FDC-42A3-9474-1A3956D46DE8}") = "Tests", "Tests", "{16B07463-4CC9-4075-844B-0C1155924B81}"
EndProject
Project("{2150E333-8FDC-42A3-9474-1A3956D46DE8}") = "Documentation", "Documentation", "{78267620-BB98-4496-89D5-3EE86018433A}"
EndProject
Project("{2150E333-8FDC-42A3-9474-1A3956D46DE8}") = "Core", "Core", "{ADC505DE-6F8C-49E1-99BF-EC78B68D5CD8}"
EndProject
Project("{FAE04EC0-301F-11D3-BF4B-00C04F79EFBC}") = "AH.Company.Domain", "Src\Core\AH.Company.Domain\AH.Company.Domain.csproj", "{B11B95CD-BD2E-4B50-961D-0C6457239B6C}"
EndProject
Project("{FAE04EC0-301F-11D3-BF4B-00C04F79EFBC}") = "AH.Company.Application", "Src\Core\AH.Company.Application\AH.Company.Application.csproj", "{61D4C33C-2801-45DD-A3DC-B75B574F954A}"
EndProject
Project("{2150E333-8FDC-42A3-9474-1A3956D46DE8}") = "Infrastructure", "Infrastructure", "{AD35BDE3-1CD5-42FF-93E2-D55B38A8E011}"
EndProject
Project("{FAE04EC0-301F-11D3-BF4B-00C04F79EFBC}") = "AH.Company.Infrastructure", "Src\Infrastructure\AH.Company.Infrastructure\AH.Company.Infrastructure.csproj", "{AEF06F67-3A42-40D2-A297-CD63F4A8B8B0}"
EndProject
Project("{FAE04EC0-301F-11D3-BF4B-00C04F79EFBC}") = "AH.Company.Persistence", "Src\Infrastructure\AH.Company.Persistence\AH.Company.Persistence.csproj", "{095A3522-31B1-44FA-890D-372C5E8AA8E8}"
EndProject
Project("{2150E333-8FDC-42A3-9474-1A3956D46DE8}") = "Presentation", "Presentation", "{8A7C8BE4-128C-49BE-AE9A-A4E73DD68622}"
EndProject
Project("{FAE04EC0-301F-11D3-BF4B-00C04F79EFBC}") = "AH.Company.Api", "Src\Presentation\AH.Company.Api\AH.Company.Api.csproj", "{89A5DD0D-39AB-4A72-8310-96C497F354E5}"
EndProject
Project("{2150E333-8FDC-42A3-9474-1A3956D46DE8}") = "Shared", "Shared", "{E22137D0-9543-4779-AFEB-6E9DE51835A7}"
EndProject
Project("{FAE04EC0-301F-11D3-BF4B-00C04F79EFBC}") = "AH.Company.Shared.V1", "Src\Shared\AH.Company.Shared.V1\AH.Company.Shared.V1.csproj", "{93F3256B-36DB-4A46-8EE2-7E97E7CD3511}"
EndProject
Project("{FAE04EC0-301F-11D3-BF4B-00C04F79EFBC}") = "Tests.Unit.Api", "Tests\Tests.Unit.Api\Tests.Unit.Api.csproj", "{48B46E44-92A0-49F1-9125-BF2FBC3D451F}"
EndProject
Project("{FAE04EC0-301F-11D3-BF4B-00C04F79EFBC}") = "Tests.Unit.Application", "Tests\Tests.Unit.Application\Tests.Unit.Application.csproj", "{30DF652A-4F03-4702-94BF-A57E94975B97}"
EndProject
Global
	GlobalSection(SolutionConfigurationPlatforms) = preSolution
		Debug|Any CPU = Debug|Any CPU
		Release|Any CPU = Release|Any CPU
	EndGlobalSection
	GlobalSection(NestedProjects) = preSolution
		{ADC505DE-6F8C-49E1-99BF-EC78B68D5CD8} = {482D68AD-5CA2-4DD6-9C80-103C4C189E56}
		{B11B95CD-BD2E-4B50-961D-0C6457239B6C} = {ADC505DE-6F8C-49E1-99BF-EC78B68D5CD8}
		{61D4C33C-2801-45DD-A3DC-B75B574F954A} = {ADC505DE-6F8C-49E1-99BF-EC78B68D5CD8}
		{AD35BDE3-1CD5-42FF-93E2-D55B38A8E011} = {482D68AD-5CA2-4DD6-9C80-103C4C189E56}
		{AEF06F67-3A42-40D2-A297-CD63F4A8B8B0} = {AD35BDE3-1CD5-42FF-93E2-D55B38A8E011}
		{095A3522-31B1-44FA-890D-372C5E8AA8E8} = {AD35BDE3-1CD5-42FF-93E2-D55B38A8E011}
		{8A7C8BE4-128C-49BE-AE9A-A4E73DD68622} = {482D68AD-5CA2-4DD6-9C80-103C4C189E56}
		{89A5DD0D-39AB-4A72-8310-96C497F354E5} = {8A7C8BE4-128C-49BE-AE9A-A4E73DD68622}
		{E22137D0-9543-4779-AFEB-6E9DE51835A7} = {482D68AD-5CA2-4DD6-9C80-103C4C189E56}
		{93F3256B-36DB-4A46-8EE2-7E97E7CD3511} = {E22137D0-9543-4779-AFEB-6E9DE51835A7}
		{48B46E44-92A0-49F1-9125-BF2FBC3D451F} = {16B07463-4CC9-4075-844B-0C1155924B81}
		{30DF652A-4F03-4702-94BF-A57E94975B97} = {16B07463-4CC9-4075-844B-0C1155924B81}
	EndGlobalSection
	GlobalSection(ProjectConfigurationPlatforms) = postSolution
		{B11B95CD-BD2E-4B50-961D-0C6457239B6C}.Debug|Any CPU.ActiveCfg = Debug|Any CPU
		{B11B95CD-BD2E-4B50-961D-0C6457239B6C}.Debug|Any CPU.Build.0 = Debug|Any CPU
		{B11B95CD-BD2E-4B50-961D-0C6457239B6C}.Release|Any CPU.ActiveCfg = Release|Any CPU
		{B11B95CD-BD2E-4B50-961D-0C6457239B6C}.Release|Any CPU.Build.0 = Release|Any CPU
		{61D4C33C-2801-45DD-A3DC-B75B574F954A}.Debug|Any CPU.ActiveCfg = Debug|Any CPU
		{61D4C33C-2801-45DD-A3DC-B75B574F954A}.Debug|Any CPU.Build.0 = Debug|Any CPU
		{61D4C33C-2801-45DD-A3DC-B75B574F954A}.Release|Any CPU.ActiveCfg = Release|Any CPU
		{61D4C33C-2801-45DD-A3DC-B75B574F954A}.Release|Any CPU.Build.0 = Release|Any CPU
		{AEF06F67-3A42-40D2-A297-CD63F4A8B8B0}.Debug|Any CPU.ActiveCfg = Debug|Any CPU
		{AEF06F67-3A42-40D2-A297-CD63F4A8B8B0}.Debug|Any CPU.Build.0 = Debug|Any CPU
		{AEF06F67-3A42-40D2-A297-CD63F4A8B8B0}.Release|Any CPU.ActiveCfg = Release|Any CPU
		{AEF06F67-3A42-40D2-A297-CD63F4A8B8B0}.Release|Any CPU.Build.0 = Release|Any CPU
		{095A3522-31B1-44FA-890D-372C5E8AA8E8}.Debug|Any CPU.ActiveCfg = Debug|Any CPU
		{095A3522-31B1-44FA-890D-372C5E8AA8E8}.Debug|Any CPU.Build.0 = Debug|Any CPU
		{095A3522-31B1-44FA-890D-372C5E8AA8E8}.Release|Any CPU.ActiveCfg = Release|Any CPU
		{095A3522-31B1-44FA-890D-372C5E8AA8E8}.Release|Any CPU.Build.0 = Release|Any CPU
		{89A5DD0D-39AB-4A72-8310-96C497F354E5}.Debug|Any CPU.ActiveCfg = Debug|Any CPU
		{89A5DD0D-39AB-4A72-8310-96C497F354E5}.Debug|Any CPU.Build.0 = Debug|Any CPU
		{89A5DD0D-39AB-4A72-8310-96C497F354E5}.Release|Any CPU.ActiveCfg = Release|Any CPU
		{89A5DD0D-39AB-4A72-8310-96C497F354E5}.Release|Any CPU.Build.0 = Release|Any CPU
		{93F3256B-36DB-4A46-8EE2-7E97E7CD3511}.Debug|Any CPU.ActiveCfg = Debug|Any CPU
		{93F3256B-36DB-4A46-8EE2-7E97E7CD3511}.Debug|Any CPU.Build.0 = Debug|Any CPU
		{93F3256B-36DB-4A46-8EE2-7E97E7CD3511}.Release|Any CPU.ActiveCfg = Release|Any CPU
		{93F3256B-36DB-4A46-8EE2-7E97E7CD3511}.Release|Any CPU.Build.0 = Release|Any CPU
		{48B46E44-92A0-49F1-9125-BF2FBC3D451F}.Debug|Any CPU.ActiveCfg = Debug|Any CPU
		{48B46E44-92A0-49F1-9125-BF2FBC3D451F}.Debug|Any CPU.Build.0 = Debug|Any CPU
		{48B46E44-92A0-49F1-9125-BF2FBC3D451F}.Release|Any CPU.ActiveCfg = Release|Any CPU
		{48B46E44-92A0-49F1-9125-BF2FBC3D451F}.Release|Any CPU.Build.0 = Release|Any CPU
		{30DF652A-4F03-4702-94BF-A57E94975B97}.Debug|Any CPU.ActiveCfg = Debug|Any CPU
		{30DF652A-4F03-4702-94BF-A57E94975B97}.Debug|Any CPU.Build.0 = Debug|Any CPU
		{30DF652A-4F03-4702-94BF-A57E94975B97}.Release|Any CPU.ActiveCfg = Release|Any CPU
		{30DF652A-4F03-4702-94BF-A57E94975B97}.Release|Any CPU.Build.0 = Release|Any CPU
	EndGlobalSection
EndGlobal
