
Microsoft Visual Studio Solution File, Format Version 12.00
Project("{2150E333-8FDC-42A3-9474-1A3956D46DE8}") = "Documentation", "Documentation", "{7B90FD56-4C02-4953-8ABE-4F8BFB6AF35F}"
EndProject
Project("{2150E333-8FDC-42A3-9474-1A3956D46DE8}") = "Src", "Src", "{33E2AC65-CEF6-4152-87CC-0D13E9BF1129}"
EndProject
Project("{2150E333-8FDC-42A3-9474-1A3956D46DE8}") = "Tests", "Tests", "{D28A1BDA-CC1D-4891-B1A0-190B80CCD88D}"
EndProject
Project("{2150E333-8FDC-42A3-9474-1A3956D46DE8}") = "Core", "Core", "{10CF8333-DE1E-4D93-BE80-3A8FB255C6A6}"
EndProject
Project("{2150E333-8FDC-42A3-9474-1A3956D46DE8}") = "Infrastructure", "Infrastructure", "{81003B72-F350-4A67-BBB0-8DBA58E52E0A}"
EndProject
Project("{2150E333-8FDC-42A3-9474-1A3956D46DE8}") = "Presentation", "Presentation", "{55DB8A9A-6854-4B98-B4BE-CF63DCFDAAA7}"
EndProject
Project("{2150E333-8FDC-42A3-9474-1A3956D46DE8}") = "Shared", "Shared", "{60DEAF7C-AD1A-44A6-B5E2-009492E15B7B}"
EndProject
Project("{FAE04EC0-301F-11D3-BF4B-00C04F79EFBC}") = "AH.Team.Application", "Src\Core\AH.Team.Application\AH.Team.Application.csproj", "{A8FC6717-831F-43A2-9982-61568EE4A41B}"
EndProject
Project("{FAE04EC0-301F-11D3-BF4B-00C04F79EFBC}") = "AH.Team.Domain", "Src\Core\AH.Team.Domain\AH.Team.Domain.csproj", "{0BB8A7BD-6F1E-4257-BCF2-361B4AF75F1E}"
EndProject
Project("{FAE04EC0-301F-11D3-BF4B-00C04F79EFBC}") = "AH.Team.Infrastructure", "Src\Infrastructure\AH.Team.Infrastructure\AH.Team.Infrastructure.csproj", "{B91DCAA0-861F-43FE-8EF2-EEDCE9032C4C}"
EndProject
Project("{FAE04EC0-301F-11D3-BF4B-00C04F79EFBC}") = "AH.Team.Persistence", "Src\Infrastructure\AH.Team.Persistence\AH.Team.Persistence.csproj", "{68714477-887A-4C4E-9D90-44F235086E94}"
EndProject
Project("{FAE04EC0-301F-11D3-BF4B-00C04F79EFBC}") = "AH.Team.Shared.V1", "Src\Shared\AH.Team.Shared.V1\AH.Team.Shared.V1.csproj", "{48EF77DB-7575-4117-895E-974F2A95DF38}"
EndProject
Project("{FAE04EC0-301F-11D3-BF4B-00C04F79EFBC}") = "AH.Team.Api", "Src\Presentation\AH.Team.Api\AH.Team.Api.csproj", "{3D7FA9C9-ABD0-4B38-8882-493921CA07DF}"
EndProject
Global
	GlobalSection(SolutionConfigurationPlatforms) = preSolution
		Debug|Any CPU = Debug|Any CPU
		Release|Any CPU = Release|Any CPU
	EndGlobalSection
	GlobalSection(NestedProjects) = preSolution
		{10CF8333-DE1E-4D93-BE80-3A8FB255C6A6} = {33E2AC65-CEF6-4152-87CC-0D13E9BF1129}
		{81003B72-F350-4A67-BBB0-8DBA58E52E0A} = {33E2AC65-CEF6-4152-87CC-0D13E9BF1129}
		{55DB8A9A-6854-4B98-B4BE-CF63DCFDAAA7} = {33E2AC65-CEF6-4152-87CC-0D13E9BF1129}
		{60DEAF7C-AD1A-44A6-B5E2-009492E15B7B} = {33E2AC65-CEF6-4152-87CC-0D13E9BF1129}
		{A8FC6717-831F-43A2-9982-61568EE4A41B} = {10CF8333-DE1E-4D93-BE80-3A8FB255C6A6}
		{0BB8A7BD-6F1E-4257-BCF2-361B4AF75F1E} = {10CF8333-DE1E-4D93-BE80-3A8FB255C6A6}
		{B91DCAA0-861F-43FE-8EF2-EEDCE9032C4C} = {81003B72-F350-4A67-BBB0-8DBA58E52E0A}
		{68714477-887A-4C4E-9D90-44F235086E94} = {81003B72-F350-4A67-BBB0-8DBA58E52E0A}
		{48EF77DB-7575-4117-895E-974F2A95DF38} = {60DEAF7C-AD1A-44A6-B5E2-009492E15B7B}
		{3D7FA9C9-ABD0-4B38-8882-493921CA07DF} = {55DB8A9A-6854-4B98-B4BE-CF63DCFDAAA7}
	EndGlobalSection
	GlobalSection(ProjectConfigurationPlatforms) = postSolution
		{A8FC6717-831F-43A2-9982-61568EE4A41B}.Debug|Any CPU.ActiveCfg = Debug|Any CPU
		{A8FC6717-831F-43A2-9982-61568EE4A41B}.Debug|Any CPU.Build.0 = Debug|Any CPU
		{A8FC6717-831F-43A2-9982-61568EE4A41B}.Release|Any CPU.ActiveCfg = Release|Any CPU
		{A8FC6717-831F-43A2-9982-61568EE4A41B}.Release|Any CPU.Build.0 = Release|Any CPU
		{0BB8A7BD-6F1E-4257-BCF2-361B4AF75F1E}.Debug|Any CPU.ActiveCfg = Debug|Any CPU
		{0BB8A7BD-6F1E-4257-BCF2-361B4AF75F1E}.Debug|Any CPU.Build.0 = Debug|Any CPU
		{0BB8A7BD-6F1E-4257-BCF2-361B4AF75F1E}.Release|Any CPU.ActiveCfg = Release|Any CPU
		{0BB8A7BD-6F1E-4257-BCF2-361B4AF75F1E}.Release|Any CPU.Build.0 = Release|Any CPU
		{B91DCAA0-861F-43FE-8EF2-EEDCE9032C4C}.Debug|Any CPU.ActiveCfg = Debug|Any CPU
		{B91DCAA0-861F-43FE-8EF2-EEDCE9032C4C}.Debug|Any CPU.Build.0 = Debug|Any CPU
		{B91DCAA0-861F-43FE-8EF2-EEDCE9032C4C}.Release|Any CPU.ActiveCfg = Release|Any CPU
		{B91DCAA0-861F-43FE-8EF2-EEDCE9032C4C}.Release|Any CPU.Build.0 = Release|Any CPU
		{68714477-887A-4C4E-9D90-44F235086E94}.Debug|Any CPU.ActiveCfg = Debug|Any CPU
		{68714477-887A-4C4E-9D90-44F235086E94}.Debug|Any CPU.Build.0 = Debug|Any CPU
		{68714477-887A-4C4E-9D90-44F235086E94}.Release|Any CPU.ActiveCfg = Release|Any CPU
		{68714477-887A-4C4E-9D90-44F235086E94}.Release|Any CPU.Build.0 = Release|Any CPU
		{48EF77DB-7575-4117-895E-974F2A95DF38}.Debug|Any CPU.ActiveCfg = Debug|Any CPU
		{48EF77DB-7575-4117-895E-974F2A95DF38}.Debug|Any CPU.Build.0 = Debug|Any CPU
		{48EF77DB-7575-4117-895E-974F2A95DF38}.Release|Any CPU.ActiveCfg = Release|Any CPU
		{48EF77DB-7575-4117-895E-974F2A95DF38}.Release|Any CPU.Build.0 = Release|Any CPU
		{3D7FA9C9-ABD0-4B38-8882-493921CA07DF}.Debug|Any CPU.ActiveCfg = Debug|Any CPU
		{3D7FA9C9-ABD0-4B38-8882-493921CA07DF}.Debug|Any CPU.Build.0 = Debug|Any CPU
		{3D7FA9C9-ABD0-4B38-8882-493921CA07DF}.Release|Any CPU.ActiveCfg = Release|Any CPU
		{3D7FA9C9-ABD0-4B38-8882-493921CA07DF}.Release|Any CPU.Build.0 = Release|Any CPU
	EndGlobalSection
EndGlobal
